
Microsoft Visual Studio Solution File, Format Version 12.00
# Visual Studio Version 16
VisualStudioVersion = 16.0.31410.357
MinimumVisualStudioVersion = 10.0.40219.1
Project("{FAE04EC0-301F-11D3-BF4B-00C04F79EFBC}") = "ExecutedModulesJSON", "ExecutedModulesJSON\ExecutedModulesJSON.csproj", "{78DB3551-7559-4A66-A9C8-A3696921C948}"
EndProject
Project("{FAE04EC0-301F-11D3-BF4B-00C04F79EFBC}") = "ExecutedModulesJSON.Test", "ExecutedModulesJSON.Test\ExecutedModulesJSON.Test.csproj", "{D43A4399-8934-4E96-9341-194324B5716C}"
EndProject
Global
	GlobalSection(SolutionConfigurationPlatforms) = preSolution
		Debug|Any CPU = Debug|Any CPU
		Release|Any CPU = Release|Any CPU
	EndGlobalSection
	GlobalSection(ProjectConfigurationPlatforms) = postSolution
		{78DB3551-7559-4A66-A9C8-A3696921C948}.Debug|Any CPU.ActiveCfg = Debug|Any CPU
		{78DB3551-7559-4A66-A9C8-A3696921C948}.Debug|Any CPU.Build.0 = Debug|Any CPU
		{78DB3551-7559-4A66-A9C8-A3696921C948}.Release|Any CPU.ActiveCfg = Release|Any CPU
		{78DB3551-7559-4A66-A9C8-A3696921C948}.Release|Any CPU.Build.0 = Release|Any CPU
		{D43A4399-8934-4E96-9341-194324B5716C}.Debug|Any CPU.ActiveCfg = Debug|Any CPU
		{D43A4399-8934-4E96-9341-194324B5716C}.Debug|Any CPU.Build.0 = Debug|Any CPU
		{D43A4399-8934-4E96-9341-194324B5716C}.Release|Any CPU.ActiveCfg = Release|Any CPU
		{D43A4399-8934-4E96-9341-194324B5716C}.Release|Any CPU.Build.0 = Release|Any CPU
	EndGlobalSection
	GlobalSection(SolutionProperties) = preSolution
		HideSolutionNode = FALSE
	EndGlobalSection
	GlobalSection(ExtensibilityGlobals) = postSolution
		SolutionGuid = {9CD423AB-237A-4910-875D-79CEA0BF3EFE}
	EndGlobalSection
EndGlobal
